// !$*UTF8*$!
{
	archiveVersion = 1;
	classes = {
	};
	objectVersion = 77;
	objects = {

/* Begin PBXContainerItemProxy section */
		33C2DA6C2EEC130A008B2DB2 /* PBXContainerItemProxy */ = {
			isa = PBXContainerItemProxy;
			containerPortal = 33C2DA4D2EEC1309008B2DB2 /* Project object */;
			proxyType = 1;
			remoteGlobalIDString = 33C2DA542EEC1309008B2DB2;
			remoteInfo = "swift-combine-tutorial";
		};
		33C2DA762EEC130A008B2DB2 /* PBXContainerItemProxy */ = {
			isa = PBXContainerItemProxy;
			containerPortal = 33C2DA4D2EEC1309008B2DB2 /* Project object */;
			proxyType = 1;
			remoteGlobalIDString = 33C2DA542EEC1309008B2DB2;
			remoteInfo = "swift-combine-tutorial";
		};
/* End PBXContainerItemProxy section */

/* Begin PBXFileReference section */
		33C2DA552EEC1309008B2DB2 /* swift-combine-tutorial.app */ = {isa = PBXFileReference; explicitFileType = wrapper.application; includeInIndex = 0; path = "swift-combine-tutorial.app"; sourceTree = BUILT_PRODUCTS_DIR; };
		33C2DA6B2EEC130A008B2DB2 /* swift-combine-tutorialTests.xctest */ = {isa = PBXFileReference; explicitFileType = wrapper.cfbundle; includeInIndex = 0; path = "swift-combine-tutorialTests.xctest"; sourceTree = BUILT_PRODUCTS_DIR; };
		33C2DA752EEC130A008B2DB2 /* swift-combine-tutorialUITests.xctest */ = {isa = PBXFileReference; explicitFileType = wrapper.cfbundle; includeInIndex = 0; path = "swift-combine-tutorialUITests.xctest"; sourceTree = BUILT_PRODUCTS_DIR; };
/* End PBXFileReference section */

/* Begin PBXFileSystemSynchronizedBuildFileExceptionSet section */
		33C2DA7D2EEC130A008B2DB2 /* Exceptions for "swift-combine-tutorial" folder in "swift-combine-tutorial" target */ = {
			isa = PBXFileSystemSynchronizedBuildFileExceptionSet;
			membershipExceptions = (
				Info.plist,
			);
			target = 33C2DA542EEC1309008B2DB2 /* swift-combine-tutorial */;
		};
/* End PBXFileSystemSynchronizedBuildFileExceptionSet section */

/* Begin PBXFileSystemSynchronizedRootGroup section */
		33C2DA572EEC1309008B2DB2 /* swift-combine-tutorial */ = {
			isa = PBXFileSystemSynchronizedRootGroup;
			exceptions = (
				33C2DA7D2EEC130A008B2DB2 /* Exceptions for "swift-combine-tutorial" folder in "swift-combine-tutorial" target */,
			);
			path = "swift-combine-tutorial";
			sourceTree = "<group>";
		};
		33C2DA6E2EEC130A008B2DB2 /* swift-combine-tutorialTests */ = {
			isa = PBXFileSystemSynchronizedRootGroup;
			path = "swift-combine-tutorialTests";
			sourceTree = "<group>";
		};
		33C2DA782EEC130A008B2DB2 /* swift-combine-tutorialUITests */ = {
			isa = PBXFileSystemSynchronizedRootGroup;
			path = "swift-combine-tutorialUITests";
			sourceTree = "<group>";
		};
/* End PBXFileSystemSynchronizedRootGroup section */

/* Begin PBXFrameworksBuildPhase section */
		33C2DA522EEC1309008B2DB2 /* Frameworks */ = {
			isa = PBXFrameworksBuildPhase;
			buildActionMask = 2147483647;
			files = (
			);
			runOnlyForDeploymentPostprocessing = 0;
		};
		33C2DA682EEC130A008B2DB2 /* Frameworks */ = {
			isa = PBXFrameworksBuildPhase;
			buildActionMask = 2147483647;
			files = (
			);
			runOnlyForDeploymentPostprocessing = 0;
		};
		33C2DA722EEC130A008B2DB2 /* Frameworks */ = {
			isa = PBXFrameworksBuildPhase;
			buildActionMask = 2147483647;
			files = (
			);
			runOnlyForDeploymentPostprocessing = 0;
		};
/* End PBXFrameworksBuildPhase section */

/* Begin PBXGroup section */
		33C2DA4C2EEC1309008B2DB2 = {
			isa = PBXGroup;
			children = (
				33C2DA572EEC1309008B2DB2 /* swift-combine-tutorial */,
				33C2DA6E2EEC130A008B2DB2 /* swift-combine-tutorialTests */,
				33C2DA782EEC130A008B2DB2 /* swift-combine-tutorialUITests */,
				33C2DA562EEC1309008B2DB2 /* Products */,
			);
			sourceTree = "<group>";
		};
		33C2DA562EEC1309008B2DB2 /* Products */ = {
			isa = PBXGroup;
			children = (
				33C2DA552EEC1309008B2DB2 /* swift-combine-tutorial.app */,
				33C2DA6B2EEC130A008B2DB2 /* swift-combine-tutorialTests.xctest */,
				33C2DA752EEC130A008B2DB2 /* swift-combine-tutorialUITests.xctest */,
			);
			name = Products;
			sourceTree = "<group>";
		};
/* End PBXGroup section */

/* Begin PBXNativeTarget section */
		33C2DA542EEC1309008B2DB2 /* swift-combine-tutorial */ = {
			isa = PBXNativeTarget;
			buildConfigurationList = 33C2DA7E2EEC130A008B2DB2 /* Build configuration list for PBXNativeTarget "swift-combine-tutorial" */;
			buildPhases = (
				33C2DA512EEC1309008B2DB2 /* Sources */,
				33C2DA522EEC1309008B2DB2 /* Frameworks */,
				33C2DA532EEC1309008B2DB2 /* Resources */,
			);
			buildRules = (
			);
			dependencies = (
			);
			fileSystemSynchronizedGroups = (
				33C2DA572EEC1309008B2DB2 /* swift-combine-tutorial */,
			);
			name = "swift-combine-tutorial";
			packageProductDependencies = (
			);
			productName = "swift-combine-tutorial";
			productReference = 33C2DA552EEC1309008B2DB2 /* swift-combine-tutorial.app */;
			productType = "com.apple.product-type.application";
		};
		33C2DA6A2EEC130A008B2DB2 /* swift-combine-tutorialTests */ = {
			isa = PBXNativeTarget;
			buildConfigurationList = 33C2DA832EEC130A008B2DB2 /* Build configuration list for PBXNativeTarget "swift-combine-tutorialTests" */;
			buildPhases = (
				33C2DA672EEC130A008B2DB2 /* Sources */,
				33C2DA682EEC130A008B2DB2 /* Frameworks */,
				33C2DA692EEC130A008B2DB2 /* Resources */,
			);
			buildRules = (
			);
			dependencies = (
				33C2DA6D2EEC130A008B2DB2 /* PBXTargetDependency */,
			);
			fileSystemSynchronizedGroups = (
				33C2DA6E2EEC130A008B2DB2 /* swift-combine-tutorialTests */,
			);
			name = "swift-combine-tutorialTests";
			packageProductDependencies = (
			);
			productName = "swift-combine-tutorialTests";
			productReference = 33C2DA6B2EEC130A008B2DB2 /* swift-combine-tutorialTests.xctest */;
			productType = "com.apple.product-type.bundle.unit-test";
		};
		33C2DA742EEC130A008B2DB2 /* swift-combine-tutorialUITests */ = {
			isa = PBXNativeTarget;
			buildConfigurationList = 33C2DA862EEC130A008B2DB2 /* Build configuration list for PBXNativeTarget "swift-combine-tutorialUITests" */;
			buildPhases = (
				33C2DA712EEC130A008B2DB2 /* Sources */,
				33C2DA722EEC130A008B2DB2 /* Frameworks */,
				33C2DA732EEC130A008B2DB2 /* Resources */,
			);
			buildRules = (
			);
			dependencies = (
				33C2DA772EEC130A008B2DB2 /* PBXTargetDependency */,
			);
			fileSystemSynchronizedGroups = (
				33C2DA782EEC130A008B2DB2 /* swift-combine-tutorialUITests */,
			);
			name = "swift-combine-tutorialUITests";
			packageProductDependencies = (
			);
			productName = "swift-combine-tutorialUITests";
			productReference = 33C2DA752EEC130A008B2DB2 /* swift-combine-tutorialUITests.xctest */;
			productType = "com.apple.product-type.bundle.ui-testing";
		};
/* End PBXNativeTarget section */

/* Begin PBXProject section */
		33C2DA4D2EEC1309008B2DB2 /* Project object */ = {
			isa = PBXProject;
			attributes = {
				BuildIndependentTargetsInParallel = 1;
				LastSwiftUpdateCheck = 2600;
				LastUpgradeCheck = 2600;
				TargetAttributes = {
					33C2DA542EEC1309008B2DB2 = {
						CreatedOnToolsVersion = 26.0;
					};
					33C2DA6A2EEC130A008B2DB2 = {
						CreatedOnToolsVersion = 26.0;
						TestTargetID = 33C2DA542EEC1309008B2DB2;
					};
					33C2DA742EEC130A008B2DB2 = {
						CreatedOnToolsVersion = 26.0;
						TestTargetID = 33C2DA542EEC1309008B2DB2;
					};
				};
			};
			buildConfigurationList = 33C2DA502EEC1309008B2DB2 /* Build configuration list for PBXProject "swift-combine-tutorial" */;
			developmentRegion = en;
			hasScannedForEncodings = 0;
			knownRegions = (
				en,
				Base,
			);
			mainGroup = 33C2DA4C2EEC1309008B2DB2;
			minimizedProjectReferenceProxies = 1;
			preferredProjectObjectVersion = 77;
			productRefGroup = 33C2DA562EEC1309008B2DB2 /* Products */;
			projectDirPath = "";
			projectRoot = "";
			targets = (
				33C2DA542EEC1309008B2DB2 /* swift-combine-tutorial */,
				33C2DA6A2EEC130A008B2DB2 /* swift-combine-tutorialTests */,
				33C2DA742EEC130A008B2DB2 /* swift-combine-tutorialUITests */,
			);
		};
/* End PBXProject section */

/* Begin PBXResourcesBuildPhase section */
		33C2DA532EEC1309008B2DB2 /* Resources */ = {
			isa = PBXResourcesBuildPhase;
			buildActionMask = 2147483647;
			files = (
			);
			runOnlyForDeploymentPostprocessing = 0;
		};
		33C2DA692EEC130A008B2DB2 /* Resources */ = {
			isa = PBXResourcesBuildPhase;
			buildActionMask = 2147483647;
			files = (
			);
			runOnlyForDeploymentPostprocessing = 0;
		};
		33C2DA732EEC130A008B2DB2 /* Resources */ = {
			isa = PBXResourcesBuildPhase;
			buildActionMask = 2147483647;
			files = (
			);
			runOnlyForDeploymentPostprocessing = 0;
		};
/* End PBXResourcesBuildPhase section */

/* Begin PBXSourcesBuildPhase section */
		33C2DA512EEC1309008B2DB2 /* Sources */ = {
			isa = PBXSourcesBuildPhase;
			buildActionMask = 2147483647;
			files = (
			);
			runOnlyForDeploymentPostprocessing = 0;
		};
		33C2DA672EEC130A008B2DB2 /* Sources */ = {
			isa = PBXSourcesBuildPhase;
			buildActionMask = 2147483647;
			files = (
			);
			runOnlyForDeploymentPostprocessing = 0;
		};
		33C2DA712EEC130A008B2DB2 /* Sources */ = {
			isa = PBXSourcesBuildPhase;
			buildActionMask = 2147483647;
			files = (
			);
			runOnlyForDeploymentPostprocessing = 0;
		};
/* End PBXSourcesBuildPhase section */

/* Begin PBXTargetDependency section */
		33C2DA6D2EEC130A008B2DB2 /* PBXTargetDependency */ = {
			isa = PBXTargetDependency;
			target = 33C2DA542EEC1309008B2DB2 /* swift-combine-tutorial */;
			targetProxy = 33C2DA6C2EEC130A008B2DB2 /* PBXContainerItemProxy */;
		};
		33C2DA772EEC130A008B2DB2 /* PBXTargetDependency */ = {
			isa = PBXTargetDependency;
			target = 33C2DA542EEC1309008B2DB2 /* swift-combine-tutorial */;
			targetProxy = 33C2DA762EEC130A008B2DB2 /* PBXContainerItemProxy */;
		};
/* End PBXTargetDependency section */

/* Begin XCBuildConfiguration section */
		33C2DA7F2EEC130A008B2DB2 /* Debug */ = {
			isa = XCBuildConfiguration;
			buildSettings = {
				ASSETCATALOG_COMPILER_APPICON_NAME = AppIcon;
				ASSETCATALOG_COMPILER_GLOBAL_ACCENT_COLOR_NAME = AccentColor;
				CODE_SIGN_STYLE = Automatic;
				CURRENT_PROJECT_VERSION = 1;
				DEVELOPMENT_TEAM = 9945J93SG7;
				GENERATE_INFOPLIST_FILE = YES;
				INFOPLIST_FILE = "swift-combine-tutorial/Info.plist";
				INFOPLIST_KEY_UIApplicationSupportsIndirectInputEvents = YES;
				INFOPLIST_KEY_UILaunchStoryboardName = LaunchScreen;
				INFOPLIST_KEY_UIMainStoryboardFile = Main;
				INFOPLIST_KEY_UISupportedInterfaceOrientations_iPad = "UIInterfaceOrientationPortrait UIInterfaceOrientationPortraitUpsideDown UIInterfaceOrientationLandscapeLeft UIInterfaceOrientationLandscapeRight";
				INFOPLIST_KEY_UISupportedInterfaceOrientations_iPhone = "UIInterfaceOrientationPortrait UIInterfaceOrientationLandscapeLeft UIInterfaceOrientationLandscapeRight";
				LD_RUNPATH_SEARCH_PATHS = (
					"$(inherited)",
					"@executable_path/Frameworks",
				);
				MARKETING_VERSION = 1.0;
				PRODUCT_BUNDLE_IDENTIFIER = "Infonetics.swift-combine-tutorial";
				PRODUCT_NAME = "$(TARGET_NAME)";
				STRING_CATALOG_GENERATE_SYMBOLS = YES;
				SWIFT_APPROACHABLE_CONCURRENCY = YES;
				SWIFT_DEFAULT_ACTOR_ISOLATION = MainActor;
				SWIFT_EMIT_LOC_STRINGS = YES;
				SWIFT_UPCOMING_FEATURE_MEMBER_IMPORT_VISIBILITY = YES;
				SWIFT_VERSION = 5.0;
				TARGETED_DEVICE_FAMILY = "1,2";
			};
			name = Debug;
		};
		33C2DA802EEC130A008B2DB2 /* Release */ = {
			isa = XCBuildConfiguration;
			buildSettings = {
				ASSETCATALOG_COMPILER_APPICON_NAME = AppIcon;
				ASSETCATALOG_COMPILER_GLOBAL_ACCENT_COLOR_NAME = AccentColor;
				CODE_SIGN_STYLE = Automatic;
				CURRENT_PROJECT_VERSION = 1;
				DEVELOPMENT_TEAM = 9945J93SG7;
				GENERATE_INFOPLIST_FILE = YES;
				INFOPLIST_FILE = "swift-combine-tutorial/Info.plist";
				INFOPLIST_KEY_UIApplicationSupportsIndirectInputEvents = YES;
				INFOPLIST_KEY_UILaunchStoryboardName = LaunchScreen;
				INFOPLIST_KEY_UIMainStoryboardFile = Main;
				INFOPLIST_KEY_UISupportedInterfaceOrientations_iPad = "UIInterfaceOrientationPortrait UIInterfaceOrientationPortraitUpsideDown UIInterfaceOrientationLandscapeLeft UIInterfaceOrientationLandscapeRight";
				INFOPLIST_KEY_UISupportedInterfaceOrientations_iPhone = "UIInterfaceOrientationPortrait UIInterfaceOrientationLandscapeLeft UIInterfaceOrientationLandscapeRight";
				LD_RUNPATH_SEARCH_PATHS = (
					"$(inherited)",
					"@executable_path/Frameworks",
				);
				MARKETING_VERSION = 1.0;
				PRODUCT_BUNDLE_IDENTIFIER = "Infonetics.swift-combine-tutorial";
				PRODUCT_NAME = "$(TARGET_NAME)";
				STRING_CATALOG_GENERATE_SYMBOLS = YES;
				SWIFT_APPROACHABLE_CONCURRENCY = YES;
				SWIFT_DEFAULT_ACTOR_ISOLATION = MainActor;
				SWIFT_EMIT_LOC_STRINGS = YES;
				SWIFT_UPCOMING_FEATURE_MEMBER_IMPORT_VISIBILITY = YES;
				SWIFT_VERSION = 5.0;
				TARGETED_DEVICE_FAMILY = "1,2";
			};
			name = Release;
		};
		33C2DA812EEC130A008B2DB2 /* Debug */ = {
			isa = XCBuildConfiguration;
			buildSettings = {
				ALWAYS_SEARCH_USER_PATHS = NO;
				ASSETCATALOG_COMPILER_GENERATE_SWIFT_ASSET_SYMBOL_EXTENSIONS = YES;
				CLANG_ANALYZER_NONNULL = YES;
				CLANG_ANALYZER_NUMBER_OBJECT_CONVERSION = YES_AGGRESSIVE;
				CLANG_CXX_LANGUAGE_STANDARD = "gnu++20";
				CLANG_ENABLE_MODULES = YES;
				CLANG_ENABLE_OBJC_ARC = YES;
				CLANG_ENABLE_OBJC_WEAK = YES;
				CLANG_WARN_BLOCK_CAPTURE_AUTORELEASING = YES;
				CLANG_WARN_BOOL_CONVERSION = YES;
				CLANG_WARN_COMMA = YES;
				CLANG_WARN_CONSTANT_CONVERSION = YES;
				CLANG_WARN_DEPRECATED_OBJC_IMPLEMENTATIONS = YES;
				CLANG_WARN_DIRECT_OBJC_ISA_USAGE = YES_ERROR;
				CLANG_WARN_DOCUMENTATION_COMMENTS = YES;
				CLANG_WARN_EMPTY_BODY = YES;
				CLANG_WARN_ENUM_CONVERSION = YES;
				CLANG_WARN_INFINITE_RECURSION = YES;
				CLANG_WARN_INT_CONVERSION = YES;
				CLANG_WARN_NON_LITERAL_NULL_CONVERSION = YES;
				CLANG_WARN_OBJC_IMPLICIT_RETAIN_SELF = YES;
				CLANG_WARN_OBJC_LITERAL_CONVERSION = YES;
				CLANG_WARN_OBJC_ROOT_CLASS = YES_ERROR;
				CLANG_WARN_QUOTED_INCLUDE_IN_FRAMEWORK_HEADER = YES;
				CLANG_WARN_RANGE_LOOP_ANALYSIS = YES;
				CLANG_WARN_STRICT_PROTOTYPES = YES;
				CLANG_WARN_SUSPICIOUS_MOVE = YES;
				CLANG_WARN_UNGUARDED_AVAILABILITY = YES_AGGRESSIVE;
				CLANG_WARN_UNREACHABLE_CODE = YES;
				CLANG_WARN__DUPLICATE_METHOD_MATCH = YES;
				COPY_PHASE_STRIP = NO;
				DEBUG_INFORMATION_FORMAT = dwarf;
				DEVELOPMENT_TEAM = 9945J93SG7;
				ENABLE_STRICT_OBJC_MSGSEND = YES;
				ENABLE_TESTABILITY = YES;
				ENABLE_USER_SCRIPT_SANDBOXING = YES;
				GCC_C_LANGUAGE_STANDARD = gnu17;
				GCC_DYNAMIC_NO_PIC = NO;
				GCC_NO_COMMON_BLOCKS = YES;
				GCC_OPTIMIZATION_LEVEL = 0;
				GCC_PREPROCESSOR_DEFINITIONS = (
					"DEBUG=1",
					"$(inherited)",
				);
				GCC_WARN_64_TO_32_BIT_CONVERSION = YES;
				GCC_WARN_ABOUT_RETURN_TYPE = YES_ERROR;
				GCC_WARN_UNDECLARED_SELECTOR = YES;
				GCC_WARN_UNINITIALIZED_AUTOS = YES_AGGRESSIVE;
				GCC_WARN_UNUSED_FUNCTION = YES;
				GCC_WARN_UNUSED_VARIABLE = YES;
				IPHONEOS_DEPLOYMENT_TARGET = 26.0;
				LOCALIZATION_PREFERS_STRING_CATALOGS = YES;
				MTL_ENABLE_DEBUG_INFO = INCLUDE_SOURCE;
				MTL_FAST_MATH = YES;
				ONLY_ACTIVE_ARCH = YES;
				SDKROOT = iphoneos;
				SWIFT_ACTIVE_COMPILATION_CONDITIONS = "DEBUG $(inherited)";
				SWIFT_OPTIMIZATION_LEVEL = "-Onone";
			};
			name = Debug;
		};
		33C2DA822EEC130A008B2DB2 /* Release */ = {
			isa = XCBuildConfiguration;
			buildSettings = {
				ALWAYS_SEARCH_USER_PATHS = NO;
				ASSETCATALOG_COMPILER_GENERATE_SWIFT_ASSET_SYMBOL_EXTENSIONS = YES;
				CLANG_ANALYZER_NONNULL = YES;
				CLANG_ANALYZER_NUMBER_OBJECT_CONVERSION = YES_AGGRESSIVE;
				CLANG_CXX_LANGUAGE_STANDARD = "gnu++20";
				CLANG_ENABLE_MODULES = YES;
				CLANG_ENABLE_OBJC_ARC = YES;
				CLANG_ENABLE_OBJC_WEAK = YES;
				CLANG_WARN_BLOCK_CAPTURE_AUTORELEASING = YES;
				CLANG_WARN_BOOL_CONVERSION = YES;
				CLANG_WARN_COMMA = YES;
				CLANG_WARN_CONSTANT_CONVERSION = YES;
				CLANG_WARN_DEPRECATED_OBJC_IMPLEMENTATIONS = YES;
				CLANG_WARN_DIRECT_OBJC_ISA_USAGE = YES_ERROR;
				CLANG_WARN_DOCUMENTATION_COMMENTS = YES;
				CLANG_WARN_EMPTY_BODY = YES;
				CLANG_WARN_ENUM_CONVERSION = YES;
				CLANG_WARN_INFINITE_RECURSION = YES;
				CLANG_WARN_INT_CONVERSION = YES;
				CLANG_WARN_NON_LITERAL_NULL_CONVERSION = YES;
				CLANG_WARN_OBJC_IMPLICIT_RETAIN_SELF = YES;
				CLANG_WARN_OBJC_LITERAL_CONVERSION = YES;
				CLANG_WARN_OBJC_ROOT_CLASS = YES_ERROR;
				CLANG_WARN_QUOTED_INCLUDE_IN_FRAMEWORK_HEADER = YES;
				CLANG_WARN_RANGE_LOOP_ANALYSIS = YES;
				CLANG_WARN_STRICT_PROTOTYPES = YES;
				CLANG_WARN_SUSPICIOUS_MOVE = YES;
				CLANG_WARN_UNGUARDED_AVAILABILITY = YES_AGGRESSIVE;
				CLANG_WARN_UNREACHABLE_CODE = YES;
				CLANG_WARN__DUPLICATE_METHOD_MATCH = YES;
				COPY_PHASE_STRIP = NO;
				DEBUG_INFORMATION_FORMAT = "dwarf-with-dsym";
				DEVELOPMENT_TEAM = 9945J93SG7;
				ENABLE_NS_ASSERTIONS = NO;
				ENABLE_STRICT_OBJC_MSGSEND = YES;
				ENABLE_USER_SCRIPT_SANDBOXING = YES;
				GCC_C_LANGUAGE_STANDARD = gnu17;
				GCC_NO_COMMON_BLOCKS = YES;
				GCC_WARN_64_TO_32_BIT_CONVERSION = YES;
				GCC_WARN_ABOUT_RETURN_TYPE = YES_ERROR;
				GCC_WARN_UNDECLARED_SELECTOR = YES;
				GCC_WARN_UNINITIALIZED_AUTOS = YES_AGGRESSIVE;
				GCC_WARN_UNUSED_FUNCTION = YES;
				GCC_WARN_UNUSED_VARIABLE = YES;
				IPHONEOS_DEPLOYMENT_TARGET = 26.0;
				LOCALIZATION_PREFERS_STRING_CATALOGS = YES;
				MTL_ENABLE_DEBUG_INFO = NO;
				MTL_FAST_MATH = YES;
				SDKROOT = iphoneos;
				SWIFT_COMPILATION_MODE = wholemodule;
				VALIDATE_PRODUCT = YES;
			};
			name = Release;
		};
		33C2DA842EEC130A008B2DB2 /* Debug */ = {
			isa = XCBuildConfiguration;
			buildSettings = {
				BUNDLE_LOADER = "$(TEST_HOST)";
				CODE_SIGN_STYLE = Automatic;
				CURRENT_PROJECT_VERSION = 1;
				DEVELOPMENT_TEAM = 9945J93SG7;
				GENERATE_INFOPLIST_FILE = YES;
				IPHONEOS_DEPLOYMENT_TARGET = 26.0;
				MARKETING_VERSION = 1.0;
				PRODUCT_BUNDLE_IDENTIFIER = "Infonetics.swift-combine-tutorialTests";
				PRODUCT_NAME = "$(TARGET_NAME)";
				STRING_CATALOG_GENERATE_SYMBOLS = NO;
				SWIFT_APPROACHABLE_CONCURRENCY = YES;
				SWIFT_EMIT_LOC_STRINGS = NO;
				SWIFT_UPCOMING_FEATURE_MEMBER_IMPORT_VISIBILITY = YES;
				SWIFT_VERSION = 5.0;
				TARGETED_DEVICE_FAMILY = "1,2";
				TEST_HOST = "$(BUILT_PRODUCTS_DIR)/swift-combine-tutorial.app/$(BUNDLE_EXECUTABLE_FOLDER_PATH)/swift-combine-tutorial";
			};
			name = Debug;
		};
		33C2DA852EEC130A008B2DB2 /* Release */ = {
			isa = XCBuildConfiguration;
			buildSettings = {
				BUNDLE_LOADER = "$(TEST_HOST)";
				CODE_SIGN_STYLE = Automatic;
				CURRENT_PROJECT_VERSION = 1;
				DEVELOPMENT_TEAM = 9945J93SG7;
				GENERATE_INFOPLIST_FILE = YES;
				IPHONEOS_DEPLOYMENT_TARGET = 26.0;
				MARKETING_VERSION = 1.0;
				PRODUCT_BUNDLE_IDENTIFIER = "Infonetics.swift-combine-tutorialTests";
				PRODUCT_NAME = "$(TARGET_NAME)";
				STRING_CATALOG_GENERATE_SYMBOLS = NO;
				SWIFT_APPROACHABLE_CONCURRENCY = YES;
				SWIFT_EMIT_LOC_STRINGS = NO;
				SWIFT_UPCOMING_FEATURE_MEMBER_IMPORT_VISIBILITY = YES;
				SWIFT_VERSION = 5.0;
				TARGETED_DEVICE_FAMILY = "1,2";
				TEST_HOST = "$(BUILT_PRODUCTS_DIR)/swift-combine-tutorial.app/$(BUNDLE_EXECUTABLE_FOLDER_PATH)/swift-combine-tutorial";
			};
			name = Release;
		};
		33C2DA872EEC130A008B2DB2 /* Debug */ = {
			isa = XCBuildConfiguration;
			buildSettings = {
				CODE_SIGN_STYLE = Automatic;
				CURRENT_PROJECT_VERSION = 1;
				DEVELOPMENT_TEAM = 9945J93SG7;
				GENERATE_INFOPLIST_FILE = YES;
				MARKETING_VERSION = 1.0;
				PRODUCT_BUNDLE_IDENTIFIER = "Infonetics.swift-combine-tutorialUITests";
				PRODUCT_NAME = "$(TARGET_NAME)";
				STRING_CATALOG_GENERATE_SYMBOLS = NO;
				SWIFT_APPROACHABLE_CONCURRENCY = YES;
				SWIFT_EMIT_LOC_STRINGS = NO;
				SWIFT_UPCOMING_FEATURE_MEMBER_IMPORT_VISIBILITY = YES;
				SWIFT_VERSION = 5.0;
				TARGETED_DEVICE_FAMILY = "1,2";
				TEST_TARGET_NAME = "swift-combine-tutorial";
			};
			name = Debug;
		};
		33C2DA882EEC130A008B2DB2 /* Release */ = {
			isa = XCBuildConfiguration;
			buildSettings = {
				CODE_SIGN_STYLE = Automatic;
				CURRENT_PROJECT_VERSION = 1;
				DEVELOPMENT_TEAM = 9945J93SG7;
				GENERATE_INFOPLIST_FILE = YES;
				MARKETING_VERSION = 1.0;
				PRODUCT_BUNDLE_IDENTIFIER = "Infonetics.swift-combine-tutorialUITests";
				PRODUCT_NAME = "$(TARGET_NAME)";
				STRING_CATALOG_GENERATE_SYMBOLS = NO;
				SWIFT_APPROACHABLE_CONCURRENCY = YES;
				SWIFT_EMIT_LOC_STRINGS = NO;
				SWIFT_UPCOMING_FEATURE_MEMBER_IMPORT_VISIBILITY = YES;
				SWIFT_VERSION = 5.0;
				TARGETED_DEVICE_FAMILY = "1,2";
				TEST_TARGET_NAME = "swift-combine-tutorial";
			};
			name = Release;
		};
/* End XCBuildConfiguration section */

/* Begin XCConfigurationList section */
		33C2DA502EEC1309008B2DB2 /* Build configuration list for PBXProject "swift-combine-tutorial" */ = {
			isa = XCConfigurationList;
			buildConfigurations = (
				33C2DA812EEC130A008B2DB2 /* Debug */,
				33C2DA822EEC130A008B2DB2 /* Release */,
			);
			defaultConfigurationIsVisible = 0;
			defaultConfigurationName = Release;
		};
		33C2DA7E2EEC130A008B2DB2 /* Build configuration list for PBXNativeTarget "swift-combine-tutorial" */ = {
			isa = XCConfigurationList;
			buildConfigurations = (
				33C2DA7F2EEC130A008B2DB2 /* Debug */,
				33C2DA802EEC130A008B2DB2 /* Release */,
			);
			defaultConfigurationIsVisible = 0;
			defaultConfigurationName = Release;
		};
		33C2DA832EEC130A008B2DB2 /* Build configuration list for PBXNativeTarget "swift-combine-tutorialTests" */ = {
			isa = XCConfigurationList;
			buildConfigurations = (
				33C2DA842EEC130A008B2DB2 /* Debug */,
				33C2DA852EEC130A008B2DB2 /* Release */,
			);
			defaultConfigurationIsVisible = 0;
			defaultConfigurationName = Release;
		};
		33C2DA862EEC130A008B2DB2 /* Build configuration list for PBXNativeTarget "swift-combine-tutorialUITests" */ = {
			isa = XCConfigurationList;
			buildConfigurations = (
				33C2DA872EEC130A008B2DB2 /* Debug */,
				33C2DA882EEC130A008B2DB2 /* Release */,
			);
			defaultConfigurationIsVisible = 0;
			defaultConfigurationName = Release;
		};
/* End XCConfigurationList section */
	};
	rootObject = 33C2DA4D2EEC1309008B2DB2 /* Project object */;
}
